// !$*UTF8*$!
{
	archiveVersion = 1;
	classes = {
	};
	objectVersion = 50;
	objects = {

/* Begin PBXBuildFile section */
		721EBF63243C6921006F5C3E /* AppDelegate.swift in Sources */ = {isa = PBXBuildFile; fileRef = 721EBF62243C6921006F5C3E /* AppDelegate.swift */; };
		721EBF65243C6921006F5C3E /* SceneDelegate.swift in Sources */ = {isa = PBXBuildFile; fileRef = 721EBF64243C6921006F5C3E /* SceneDelegate.swift */; };
		721EBF67243C6921006F5C3E /* ViewController.swift in Sources */ = {isa = PBXBuildFile; fileRef = 721EBF66243C6921006F5C3E /* ViewController.swift */; };
		721EBF6A243C6921006F5C3E /* Main.storyboard in Resources */ = {isa = PBXBuildFile; fileRef = 721EBF68243C6921006F5C3E /* Main.storyboard */; };
		721EBF6C243C6923006F5C3E /* Assets.xcassets in Resources */ = {isa = PBXBuildFile; fileRef = 721EBF6B243C6923006F5C3E /* Assets.xcassets */; };
		721EBF6F243C6923006F5C3E /* LaunchScreen.storyboard in Resources */ = {isa = PBXBuildFile; fileRef = 721EBF6D243C6923006F5C3E /* LaunchScreen.storyboard */; };
/* End PBXBuildFile section */

/* Begin PBXFileReference section */
		721EBF5F243C6921006F5C3E /* WhereIsMask.app */ = {isa = PBXFileReference; explicitFileType = wrapper.application; includeInIndex = 0; path = WhereIsMask.app; sourceTree = BUILT_PRODUCTS_DIR; };
		721EBF62243C6921006F5C3E /* AppDelegate.swift */ = {isa = PBXFileReference; lastKnownFileType = sourcecode.swift; path = AppDelegate.swift; sourceTree = "<group>"; };
		721EBF64243C6921006F5C3E /* SceneDelegate.swift */ = {isa = PBXFileReference; lastKnownFileType = sourcecode.swift; path = SceneDelegate.swift; sourceTree = "<group>"; };
		721EBF66243C6921006F5C3E /* ViewController.swift */ = {isa = PBXFileReference; lastKnownFileType = sourcecode.swift; path = ViewController.swift; sourceTree = "<group>"; };
		721EBF69243C6921006F5C3E /* Base */ = {isa = PBXFileReference; lastKnownFileType = file.storyboard; name = Base; path = Base.lproj/Main.storyboard; sourceTree = "<group>"; };
		721EBF6B243C6923006F5C3E /* Assets.xcassets */ = {isa = PBXFileReference; lastKnownFileType = folder.assetcatalog; path = Assets.xcassets; sourceTree = "<group>"; };
		721EBF6E243C6923006F5C3E /* Base */ = {isa = PBXFileReference; lastKnownFileType = file.storyboard; name = Base; path = Base.lproj/LaunchScreen.storyboard; sourceTree = "<group>"; };
		721EBF70243C6923006F5C3E /* Info.plist */ = {isa = PBXFileReference; lastKnownFileType = text.plist.xml; path = Info.plist; sourceTree = "<group>"; };
/* End PBXFileReference section */

/* Begin PBXFrameworksBuildPhase section */
		721EBF5C243C6921006F5C3E /* Frameworks */ = {
			isa = PBXFrameworksBuildPhase;
			buildActionMask = 2147483647;
			files = (
			);
			runOnlyForDeploymentPostprocessing = 0;
		};
/* End PBXFrameworksBuildPhase section */

/* Begin PBXGroup section */
		721EBF56243C6921006F5C3E = {
			isa = PBXGroup;
			children = (
				721EBF61243C6921006F5C3E /* WhereIsMask */,
				721EBF60243C6921006F5C3E /* Products */,
			);
			sourceTree = "<group>";
		};
		721EBF60243C6921006F5C3E /* Products */ = {
			isa = PBXGroup;
			children = (
				721EBF5F243C6921006F5C3E /* WhereIsMask.app */,
			);
			name = Products;
			sourceTree = "<group>";
		};
		721EBF61243C6921006F5C3E /* WhereIsMask */ = {
			isa = PBXGroup;
			children = (
				721EBF62243C6921006F5C3E /* AppDelegate.swift */,
				721EBF64243C6921006F5C3E /* SceneDelegate.swift */,
				721EBF66243C6921006F5C3E /* ViewController.swift */,
				721EBF68243C6921006F5C3E /* Main.storyboard */,
				721EBF6B243C6923006F5C3E /* Assets.xcassets */,
				721EBF6D243C6923006F5C3E /* LaunchScreen.storyboard */,
				721EBF70243C6923006F5C3E /* Info.plist */,
			);
			path = WhereIsMask;
			sourceTree = "<group>";
		};
/* End PBXGroup section */

/* Begin PBXNativeTarget section */
		721EBF5E243C6921006F5C3E /* WhereIsMask */ = {
			isa = PBXNativeTarget;
			buildConfigurationList = 721EBF73243C6923006F5C3E /* Build configuration list for PBXNativeTarget "WhereIsMask" */;
			buildPhases = (
				721EBF5B243C6921006F5C3E /* Sources */,
				721EBF5C243C6921006F5C3E /* Frameworks */,
				721EBF5D243C6921006F5C3E /* Resources */,
			);
			buildRules = (
			);
			dependencies = (
			);
			name = WhereIsMask;
			productName = WhereIsMask;
			productReference = 721EBF5F243C6921006F5C3E /* WhereIsMask.app */;
			productType = "com.apple.product-type.application";
		};
/* End PBXNativeTarget section */

/* Begin PBXProject section */
		721EBF57243C6921006F5C3E /* Project object */ = {
			isa = PBXProject;
			attributes = {
				LastSwiftUpdateCheck = 1140;
				LastUpgradeCheck = 1140;
				ORGANIZATIONNAME = "김동준";
				TargetAttributes = {
					721EBF5E243C6921006F5C3E = {
						CreatedOnToolsVersion = 11.4;
					};
				};
			};
			buildConfigurationList = 721EBF5A243C6921006F5C3E /* Build configuration list for PBXProject "WhereIsMask" */;
			compatibilityVersion = "Xcode 9.3";
			developmentRegion = en;
			hasScannedForEncodings = 0;
			knownRegions = (
				en,
				Base,
			);
			mainGroup = 721EBF56243C6921006F5C3E;
			productRefGroup = 721EBF60243C6921006F5C3E /* Products */;
			projectDirPath = "";
			projectRoot = "";
			targets = (
				721EBF5E243C6921006F5C3E /* WhereIsMask */,
			);
		};
/* End PBXProject section */

/* Begin PBXResourcesBuildPhase section */
		721EBF5D243C6921006F5C3E /* Resources */ = {
			isa = PBXResourcesBuildPhase;
			buildActionMask = 2147483647;
			files = (
				721EBF6F243C6923006F5C3E /* LaunchScreen.storyboard in Resources */,
				721EBF6C243C6923006F5C3E /* Assets.xcassets in Resources */,
				721EBF6A243C6921006F5C3E /* Main.storyboard in Resources */,
			);
			runOnlyForDeploymentPostprocessing = 0;
		};
/* End PBXResourcesBuildPhase section */

/* Begin PBXSourcesBuildPhase section */
		721EBF5B243C6921006F5C3E /* Sources */ = {
			isa = PBXSourcesBuildPhase;
			buildActionMask = 2147483647;
			files = (
				721EBF67243C6921006F5C3E /* ViewController.swift in Sources */,
				721EBF63243C6921006F5C3E /* AppDelegate.swift in Sources */,
				721EBF65243C6921006F5C3E /* SceneDelegate.swift in Sources */,
			);
			runOnlyForDeploymentPostprocessing = 0;
		};
/* End PBXSourcesBuildPhase section */

/* Begin PBXVariantGroup section */
		721EBF68243C6921006F5C3E /* Main.storyboard */ = {
			isa = PBXVariantGroup;
			children = (
				721EBF69243C6921006F5C3E /* Base */,
			);
			name = Main.storyboard;
			sourceTree = "<group>";
		};
		721EBF6D243C6923006F5C3E /* LaunchScreen.storyboard */ = {
			isa = PBXVariantGroup;
			children = (
				721EBF6E243C6923006F5C3E /* Base */,
			);
			name = LaunchScreen.storyboard;
			sourceTree = "<group>";
		};
/* End PBXVariantGroup section */

/* Begin XCBuildConfiguration section */
		721EBF71243C6923006F5C3E /* Debug */ = {
			isa = XCBuildConfiguration;
			buildSettings = {
				ALWAYS_SEARCH_USER_PATHS = NO;
				CLANG_ANALYZER_NONNULL = YES;
				CLANG_ANALYZER_NUMBER_OBJECT_CONVERSION = YES_AGGRESSIVE;
				CLANG_CXX_LANGUAGE_STANDARD = "gnu++14";
				CLANG_CXX_LIBRARY = "libc++";
				CLANG_ENABLE_MODULES = YES;
				CLANG_ENABLE_OBJC_ARC = YES;
				CLANG_ENABLE_OBJC_WEAK = YES;
				CLANG_WARN_BLOCK_CAPTURE_AUTORELEASING = YES;
				CLANG_WARN_BOOL_CONVERSION = YES;
				CLANG_WARN_COMMA = YES;
				CLANG_WARN_CONSTANT_CONVERSION = YES;
				CLANG_WARN_DEPRECATED_OBJC_IMPLEMENTATIONS = YES;
				CLANG_WARN_DIRECT_OBJC_ISA_USAGE = YES_ERROR;
				CLANG_WARN_DOCUMENTATION_COMMENTS = YES;
				CLANG_WARN_EMPTY_BODY = YES;
				CLANG_WARN_ENUM_CONVERSION = YES;
				CLANG_WARN_INFINITE_RECURSION = YES;
				CLANG_WARN_INT_CONVERSION = YES;
				CLANG_WARN_NON_LITERAL_NULL_CONVERSION = YES;
				CLANG_WARN_OBJC_IMPLICIT_RETAIN_SELF = YES;
				CLANG_WARN_OBJC_LITERAL_CONVERSION = YES;
				CLANG_WARN_OBJC_ROOT_CLASS = YES_ERROR;
				CLANG_WARN_RANGE_LOOP_ANALYSIS = YES;
				CLANG_WARN_STRICT_PROTOTYPES = YES;
				CLANG_WARN_SUSPICIOUS_MOVE = YES;
				CLANG_WARN_UNGUARDED_AVAILABILITY = YES_AGGRESSIVE;
				CLANG_WARN_UNREACHABLE_CODE = YES;
				CLANG_WARN__DUPLICATE_METHOD_MATCH = YES;
				COPY_PHASE_STRIP = NO;
				DEBUG_INFORMATION_FORMAT = dwarf;
				ENABLE_STRICT_OBJC_MSGSEND = YES;
				ENABLE_TESTABILITY = YES;
				GCC_C_LANGUAGE_STANDARD = gnu11;
				GCC_DYNAMIC_NO_PIC = NO;
				GCC_NO_COMMON_BLOCKS = YES;
				GCC_OPTIMIZATION_LEVEL = 0;
				GCC_PREPROCESSOR_DEFINITIONS = (
					"DEBUG=1",
					"$(inherited)",
				);
				GCC_WARN_64_TO_32_BIT_CONVERSION = YES;
				GCC_WARN_ABOUT_RETURN_TYPE = YES_ERROR;
				GCC_WARN_UNDECLARED_SELECTOR = YES;
				GCC_WARN_UNINITIALIZED_AUTOS = YES_AGGRESSIVE;
				GCC_WARN_UNUSED_FUNCTION = YES;
				GCC_WARN_UNUSED_VARIABLE = YES;
				IPHONEOS_DEPLOYMENT_TARGET = 13.4;
				MTL_ENABLE_DEBUG_INFO = INCLUDE_SOURCE;
				MTL_FAST_MATH = YES;
				ONLY_ACTIVE_ARCH = YES;
				SDKROOT = iphoneos;
				SWIFT_ACTIVE_COMPILATION_CONDITIONS = DEBUG;
				SWIFT_OPTIMIZATION_LEVEL = "-Onone";
			};
			name = Debug;
		};
		721EBF72243C6923006F5C3E /* Release */ = {
			isa = XCBuildConfiguration;
			buildSettings = {
				ALWAYS_SEARCH_USER_PATHS = NO;
				CLANG_ANALYZER_NONNULL = YES;
				CLANG_ANALYZER_NUMBER_OBJECT_CONVERSION = YES_AGGRESSIVE;
				CLANG_CXX_LANGUAGE_STANDARD = "gnu++14";
				CLANG_CXX_LIBRARY = "libc++";
				CLANG_ENABLE_MODULES = YES;
				CLANG_ENABLE_OBJC_ARC = YES;
				CLANG_ENABLE_OBJC_WEAK = YES;
				CLANG_WARN_BLOCK_CAPTURE_AUTORELEASING = YES;
				CLANG_WARN_BOOL_CONVERSION = YES;
				CLANG_WARN_COMMA = YES;
				CLANG_WARN_CONSTANT_CONVERSION = YES;
				CLANG_WARN_DEPRECATED_OBJC_IMPLEMENTATIONS = YES;
				CLANG_WARN_DIRECT_OBJC_ISA_USAGE = YES_ERROR;
				CLANG_WARN_DOCUMENTATION_COMMENTS = YES;
				CLANG_WARN_EMPTY_BODY = YES;
				CLANG_WARN_ENUM_CONVERSION = YES;
				CLANG_WARN_INFINITE_RECURSION = YES;
				CLANG_WARN_INT_CONVERSION = YES;
				CLANG_WARN_NON_LITERAL_NULL_CONVERSION = YES;
				CLANG_WARN_OBJC_IMPLICIT_RETAIN_SELF = YES;
				CLANG_WARN_OBJC_LITERAL_CONVERSION = YES;
				CLANG_WARN_OBJC_ROOT_CLASS = YES_ERROR;
				CLANG_WARN_RANGE_LOOP_ANALYSIS = YES;
				CLANG_WARN_STRICT_PROTOTYPES = YES;
				CLANG_WARN_SUSPICIOUS_MOVE = YES;
				CLANG_WARN_UNGUARDED_AVAILABILITY = YES_AGGRESSIVE;
				CLANG_WARN_UNREACHABLE_CODE = YES;
				CLANG_WARN__DUPLICATE_METHOD_MATCH = YES;
				COPY_PHASE_STRIP = NO;
				DEBUG_INFORMATION_FORMAT = "dwarf-with-dsym";
				ENABLE_NS_ASSERTIONS = NO;
				ENABLE_STRICT_OBJC_MSGSEND = YES;
				GCC_C_LANGUAGE_STANDARD = gnu11;
				GCC_NO_COMMON_BLOCKS = YES;
				GCC_WARN_64_TO_32_BIT_CONVERSION = YES;
				GCC_WARN_ABOUT_RETURN_TYPE = YES_ERROR;
				GCC_WARN_UNDECLARED_SELECTOR = YES;
				GCC_WARN_UNINITIALIZED_AUTOS = YES_AGGRESSIVE;
				GCC_WARN_UNUSED_FUNCTION = YES;
				GCC_WARN_UNUSED_VARIABLE = YES;
				IPHONEOS_DEPLOYMENT_TARGET = 13.4;
				MTL_ENABLE_DEBUG_INFO = NO;
				MTL_FAST_MATH = YES;
				SDKROOT = iphoneos;
				SWIFT_COMPILATION_MODE = wholemodule;
				SWIFT_OPTIMIZATION_LEVEL = "-O";
				VALIDATE_PRODUCT = YES;
			};
			name = Release;
		};
		721EBF74243C6923006F5C3E /* Debug */ = {
			isa = XCBuildConfiguration;
			buildSettings = {
				ASSETCATALOG_COMPILER_APPICON_NAME = AppIcon;
				CODE_SIGN_STYLE = Automatic;
				INFOPLIST_FILE = WhereIsMask/Info.plist;
				LD_RUNPATH_SEARCH_PATHS = (
					"$(inherited)",
					"@executable_path/Frameworks",
				);
				PRODUCT_BUNDLE_IDENTIFIER = practice.WhereIsMask;
				PRODUCT_NAME = "$(TARGET_NAME)";
				SWIFT_VERSION = 5.0;
				TARGETED_DEVICE_FAMILY = "1,2";
			};
			name = Debug;
		};
		721EBF75243C6923006F5C3E /* Release */ = {
			isa = XCBuildConfiguration;
			buildSettings = {
				ASSETCATALOG_COMPILER_APPICON_NAME = AppIcon;
				CODE_SIGN_STYLE = Automatic;
				INFOPLIST_FILE = WhereIsMask/Info.plist;
				LD_RUNPATH_SEARCH_PATHS = (
					"$(inherited)",
					"@executable_path/Frameworks",
				);
				PRODUCT_BUNDLE_IDENTIFIER = practice.WhereIsMask;
				PRODUCT_NAME = "$(TARGET_NAME)";
				SWIFT_VERSION = 5.0;
				TARGETED_DEVICE_FAMILY = "1,2";
			};
			name = Release;
		};
/* End XCBuildConfiguration section */

/* Begin XCConfigurationList section */
		721EBF5A243C6921006F5C3E /* Build configuration list for PBXProject "WhereIsMask" */ = {
			isa = XCConfigurationList;
			buildConfigurations = (
				721EBF71243C6923006F5C3E /* Debug */,
				721EBF72243C6923006F5C3E /* Release */,
			);
			defaultConfigurationIsVisible = 0;
			defaultConfigurationName = Release;
		};
		721EBF73243C6923006F5C3E /* Build configuration list for PBXNativeTarget "WhereIsMask" */ = {
			isa = XCConfigurationList;
			buildConfigurations = (
				721EBF74243C6923006F5C3E /* Debug */,
				721EBF75243C6923006F5C3E /* Release */,
			);
			defaultConfigurationIsVisible = 0;
			defaultConfigurationName = Release;
		};
/* End XCConfigurationList section */
	};
	rootObject = 721EBF57243C6921006F5C3E /* Project object */;
}
